{
  "name": "harmony-3d-utils",
  "version": "0.0.5",
  "lockfileVersion": 3,
  "requires": true,
  "packages": {
    "": {
      "name": "harmony-3d-utils",
      "version": "0.0.5",
      "dependencies": {
        "gl-matrix": "^3.4.3",
        "harmony-3d": "github:baldurstod/harmony-3d",
        "harmony-tf2-utils": "github:baldurstod/harmony-tf2-utils",
        "harmony-ui": "github:baldurstod/harmony-ui"
      },
      "devDependencies": {
        "@rollup/plugin-typescript": "^12.1.1",
        "rollup": "^4.24.2",
        "rollup-plugin-import-css": "^3.5.6",
        "tslib": "^2.8.0",
        "typescript": "^5.6.3"
      }
    },
    "node_modules/@derschmale/io-rgbe": {
      "version": "0.1.1",
      "resolved": "git+ssh://git@github.com/baldurstod/io-rgbe.git#bc6f21b62c50ddf698a457327e2397af95b9d862",
      "license": "MIT"
    },
    "node_modules/@rollup/plugin-typescript": {
      "version": "12.1.1",
      "resolved": "https://registry.npmjs.org/@rollup/plugin-typescript/-/plugin-typescript-12.1.1.tgz",
      "integrity": "sha512-t7O653DpfB5MbFrqPe/VcKFFkvRuFNp9qId3xq4Eth5xlyymzxNpye2z8Hrl0RIMuXTSr5GGcFpkdlMeacUiFQ==",
      "dev": true,
      "dependencies": {
        "@rollup/pluginutils": "^5.1.0",
        "resolve": "^1.22.1"
      },
      "engines": {
        "node": ">=14.0.0"
      },
      "peerDependencies": {
        "rollup": "^2.14.0||^3.0.0||^4.0.0",
        "tslib": "*",
        "typescript": ">=3.7.0"
      },
      "peerDependenciesMeta": {
        "rollup": {
          "optional": true
        },
        "tslib": {
          "optional": true
        }
      }
    },
    "node_modules/@rollup/pluginutils": {
      "version": "5.1.3",
      "resolved": "https://registry.npmjs.org/@rollup/pluginutils/-/pluginutils-5.1.3.tgz",
      "integrity": "sha512-Pnsb6f32CD2W3uCaLZIzDmeFyQ2b8UWMFI7xtwUezpcGBDVDW6y9XgAWIlARiGAo6eNF5FK5aQTr0LFyNyqq5A==",
      "dev": true,
      "dependencies": {
        "@types/estree": "^1.0.0",
        "estree-walker": "^2.0.2",
        "picomatch": "^4.0.2"
      },
      "engines": {
        "node": ">=14.0.0"
      },
      "peerDependencies": {
        "rollup": "^1.20.0||^2.0.0||^3.0.0||^4.0.0"
      },
      "peerDependenciesMeta": {
        "rollup": {
          "optional": true
        }
      }
    },
    "node_modules/@rollup/rollup-android-arm-eabi": {
      "version": "4.24.2",
      "resolved": "https://registry.npmjs.org/@rollup/rollup-android-arm-eabi/-/rollup-android-arm-eabi-4.24.2.tgz",
      "integrity": "sha512-ufoveNTKDg9t/b7nqI3lwbCG/9IJMhADBNjjz/Jn6LxIZxD7T5L8l2uO/wD99945F1Oo8FvgbbZJRguyk/BdzA==",
      "cpu": [
        "arm"
      ],
      "dev": true,
      "optional": true,
      "os": [
        "android"
      ]
    },
    "node_modules/@rollup/rollup-android-arm64": {
      "version": "4.24.2",
      "resolved": "https://registry.npmjs.org/@rollup/rollup-android-arm64/-/rollup-android-arm64-4.24.2.tgz",
      "integrity": "sha512-iZoYCiJz3Uek4NI0J06/ZxUgwAfNzqltK0MptPDO4OR0a88R4h0DSELMsflS6ibMCJ4PnLvq8f7O1d7WexUvIA==",
      "cpu": [
        "arm64"
      ],
      "dev": true,
      "optional": true,
      "os": [
        "android"
      ]
    },
    "node_modules/@rollup/rollup-darwin-arm64": {
      "version": "4.24.2",
      "resolved": "https://registry.npmjs.org/@rollup/rollup-darwin-arm64/-/rollup-darwin-arm64-4.24.2.tgz",
      "integrity": "sha512-/UhrIxobHYCBfhi5paTkUDQ0w+jckjRZDZ1kcBL132WeHZQ6+S5v9jQPVGLVrLbNUebdIRpIt00lQ+4Z7ys4Rg==",
      "cpu": [
        "arm64"
      ],
      "dev": true,
      "optional": true,
      "os": [
        "darwin"
      ]
    },
    "node_modules/@rollup/rollup-darwin-x64": {
      "version": "4.24.2",
      "resolved": "https://registry.npmjs.org/@rollup/rollup-darwin-x64/-/rollup-darwin-x64-4.24.2.tgz",
      "integrity": "sha512-1F/jrfhxJtWILusgx63WeTvGTwE4vmsT9+e/z7cZLKU8sBMddwqw3UV5ERfOV+H1FuRK3YREZ46J4Gy0aP3qDA==",
      "cpu": [
        "x64"
      ],
      "dev": true,
      "optional": true,
      "os": [
        "darwin"
      ]
    },
    "node_modules/@rollup/rollup-freebsd-arm64": {
      "version": "4.24.2",
      "resolved": "https://registry.npmjs.org/@rollup/rollup-freebsd-arm64/-/rollup-freebsd-arm64-4.24.2.tgz",
      "integrity": "sha512-1YWOpFcGuC6iGAS4EI+o3BV2/6S0H+m9kFOIlyFtp4xIX5rjSnL3AwbTBxROX0c8yWtiWM7ZI6mEPTI7VkSpZw==",
      "cpu": [
        "arm64"
      ],
      "dev": true,
      "optional": true,
      "os": [
        "freebsd"
      ]
    },
    "node_modules/@rollup/rollup-freebsd-x64": {
      "version": "4.24.2",
      "resolved": "https://registry.npmjs.org/@rollup/rollup-freebsd-x64/-/rollup-freebsd-x64-4.24.2.tgz",
      "integrity": "sha512-3qAqTewYrCdnOD9Gl9yvPoAoFAVmPJsBvleabvx4bnu1Kt6DrB2OALeRVag7BdWGWLhP1yooeMLEi6r2nYSOjg==",
      "cpu": [
        "x64"
      ],
      "dev": true,
      "optional": true,
      "os": [
        "freebsd"
      ]
    },
    "node_modules/@rollup/rollup-linux-arm-gnueabihf": {
      "version": "4.24.2",
      "resolved": "https://registry.npmjs.org/@rollup/rollup-linux-arm-gnueabihf/-/rollup-linux-arm-gnueabihf-4.24.2.tgz",
      "integrity": "sha512-ArdGtPHjLqWkqQuoVQ6a5UC5ebdX8INPuJuJNWRe0RGa/YNhVvxeWmCTFQ7LdmNCSUzVZzxAvUznKaYx645Rig==",
      "cpu": [
        "arm"
      ],
      "dev": true,
      "optional": true,
      "os": [
        "linux"
      ]
    },
    "node_modules/@rollup/rollup-linux-arm-musleabihf": {
      "version": "4.24.2",
      "resolved": "https://registry.npmjs.org/@rollup/rollup-linux-arm-musleabihf/-/rollup-linux-arm-musleabihf-4.24.2.tgz",
      "integrity": "sha512-B6UHHeNnnih8xH6wRKB0mOcJGvjZTww1FV59HqJoTJ5da9LCG6R4SEBt6uPqzlawv1LoEXSS0d4fBlHNWl6iYw==",
      "cpu": [
        "arm"
      ],
      "dev": true,
      "optional": true,
      "os": [
        "linux"
      ]
    },
    "node_modules/@rollup/rollup-linux-arm64-gnu": {
      "version": "4.24.2",
      "resolved": "https://registry.npmjs.org/@rollup/rollup-linux-arm64-gnu/-/rollup-linux-arm64-gnu-4.24.2.tgz",
      "integrity": "sha512-kr3gqzczJjSAncwOS6i7fpb4dlqcvLidqrX5hpGBIM1wtt0QEVtf4wFaAwVv8QygFU8iWUMYEoJZWuWxyua4GQ==",
      "cpu": [
        "arm64"
      ],
      "dev": true,
      "optional": true,
      "os": [
        "linux"
      ]
    },
    "node_modules/@rollup/rollup-linux-arm64-musl": {
      "version": "4.24.2",
      "resolved": "https://registry.npmjs.org/@rollup/rollup-linux-arm64-musl/-/rollup-linux-arm64-musl-4.24.2.tgz",
      "integrity": "sha512-TDdHLKCWgPuq9vQcmyLrhg/bgbOvIQ8rtWQK7MRxJ9nvaxKx38NvY7/Lo6cYuEnNHqf6rMqnivOIPIQt6H2AoA==",
      "cpu": [
        "arm64"
      ],
      "dev": true,
      "optional": true,
      "os": [
        "linux"
      ]
    },
    "node_modules/@rollup/rollup-linux-powerpc64le-gnu": {
      "version": "4.24.2",
      "resolved": "https://registry.npmjs.org/@rollup/rollup-linux-powerpc64le-gnu/-/rollup-linux-powerpc64le-gnu-4.24.2.tgz",
      "integrity": "sha512-xv9vS648T3X4AxFFZGWeB5Dou8ilsv4VVqJ0+loOIgDO20zIhYfDLkk5xoQiej2RiSQkld9ijF/fhLeonrz2mw==",
      "cpu": [
        "ppc64"
      ],
      "dev": true,
      "optional": true,
      "os": [
        "linux"
      ]
    },
    "node_modules/@rollup/rollup-linux-riscv64-gnu": {
      "version": "4.24.2",
      "resolved": "https://registry.npmjs.org/@rollup/rollup-linux-riscv64-gnu/-/rollup-linux-riscv64-gnu-4.24.2.tgz",
      "integrity": "sha512-tbtXwnofRoTt223WUZYiUnbxhGAOVul/3StZ947U4A5NNjnQJV5irKMm76G0LGItWs6y+SCjUn/Q0WaMLkEskg==",
      "cpu": [
        "riscv64"
      ],
      "dev": true,
      "optional": true,
      "os": [
        "linux"
      ]
    },
    "node_modules/@rollup/rollup-linux-s390x-gnu": {
      "version": "4.24.2",
      "resolved": "https://registry.npmjs.org/@rollup/rollup-linux-s390x-gnu/-/rollup-linux-s390x-gnu-4.24.2.tgz",
      "integrity": "sha512-gc97UebApwdsSNT3q79glOSPdfwgwj5ELuiyuiMY3pEWMxeVqLGKfpDFoum4ujivzxn6veUPzkGuSYoh5deQ2Q==",
      "cpu": [
        "s390x"
      ],
      "dev": true,
      "optional": true,
      "os": [
        "linux"
      ]
    },
    "node_modules/@rollup/rollup-linux-x64-gnu": {
      "version": "4.24.2",
      "resolved": "https://registry.npmjs.org/@rollup/rollup-linux-x64-gnu/-/rollup-linux-x64-gnu-4.24.2.tgz",
      "integrity": "sha512-jOG/0nXb3z+EM6SioY8RofqqmZ+9NKYvJ6QQaa9Mvd3RQxlH68/jcB/lpyVt4lCiqr04IyaC34NzhUqcXbB5FQ==",
      "cpu": [
        "x64"
      ],
      "dev": true,
      "optional": true,
      "os": [
        "linux"
      ]
    },
    "node_modules/@rollup/rollup-linux-x64-musl": {
      "version": "4.24.2",
      "resolved": "https://registry.npmjs.org/@rollup/rollup-linux-x64-musl/-/rollup-linux-x64-musl-4.24.2.tgz",
      "integrity": "sha512-XAo7cJec80NWx9LlZFEJQxqKOMz/lX3geWs2iNT5CHIERLFfd90f3RYLLjiCBm1IMaQ4VOX/lTC9lWfzzQm14Q==",
      "cpu": [
        "x64"
      ],
      "dev": true,
      "optional": true,
      "os": [
        "linux"
      ]
    },
    "node_modules/@rollup/rollup-win32-arm64-msvc": {
      "version": "4.24.2",
      "resolved": "https://registry.npmjs.org/@rollup/rollup-win32-arm64-msvc/-/rollup-win32-arm64-msvc-4.24.2.tgz",
      "integrity": "sha512-A+JAs4+EhsTjnPQvo9XY/DC0ztaws3vfqzrMNMKlwQXuniBKOIIvAAI8M0fBYiTCxQnElYu7mLk7JrhlQ+HeOw==",
      "cpu": [
        "arm64"
      ],
      "dev": true,
      "optional": true,
      "os": [
        "win32"
      ]
    },
    "node_modules/@rollup/rollup-win32-ia32-msvc": {
      "version": "4.24.2",
      "resolved": "https://registry.npmjs.org/@rollup/rollup-win32-ia32-msvc/-/rollup-win32-ia32-msvc-4.24.2.tgz",
      "integrity": "sha512-ZhcrakbqA1SCiJRMKSU64AZcYzlZ/9M5LaYil9QWxx9vLnkQ9Vnkve17Qn4SjlipqIIBFKjBES6Zxhnvh0EAEw==",
      "cpu": [
        "ia32"
      ],
      "dev": true,
      "optional": true,
      "os": [
        "win32"
      ]
    },
    "node_modules/@rollup/rollup-win32-x64-msvc": {
      "version": "4.24.2",
      "resolved": "https://registry.npmjs.org/@rollup/rollup-win32-x64-msvc/-/rollup-win32-x64-msvc-4.24.2.tgz",
      "integrity": "sha512-2mLH46K1u3r6uwc95hU+OR9q/ggYMpnS7pSp83Ece1HUQgF9Nh/QwTK5rcgbFnV9j+08yBrU5sA/P0RK2MSBNA==",
      "cpu": [
        "x64"
      ],
      "dev": true,
      "optional": true,
      "os": [
        "win32"
      ]
    },
    "node_modules/@types/estree": {
      "version": "1.0.6",
      "resolved": "https://registry.npmjs.org/@types/estree/-/estree-1.0.6.tgz",
      "integrity": "sha512-AYnb1nQyY49te+VRAVgmzfcgjYS91mY5P0TKUDCLEM+gNnA+3T6rWITXRLYCpahpqSQbN5cE+gHpnPyXjHWxcw==",
      "dev": true
    },
    "node_modules/@zip.js/zip.js": {
      "version": "2.7.53",
      "resolved": "https://registry.npmjs.org/@zip.js/zip.js/-/zip.js-2.7.53.tgz",
      "integrity": "sha512-G6Bl5wN9EXXVaTUIox71vIX5Z454zEBe+akKpV4m1tUboIctT5h7ID3QXCJd/Lfy2rSvmkTmZIucf1jGRR4f5A==",
      "engines": {
        "bun": ">=0.7.0",
        "deno": ">=1.0.0",
        "node": ">=16.5.0"
      }
    },
    "node_modules/estree-walker": {
      "version": "2.0.2",
      "resolved": "https://registry.npmjs.org/estree-walker/-/estree-walker-2.0.2.tgz",
      "integrity": "sha512-Rfkk/Mp/DL7JVje3u18FxFujQlTNR2q6QfMSMB7AvCBx91NGj/ba3kCfza0f6dVDbw7YlRf/nDrn7pQrCCyQ/w==",
      "dev": true
    },
    "node_modules/fsevents": {
      "version": "2.3.3",
      "resolved": "https://registry.npmjs.org/fsevents/-/fsevents-2.3.3.tgz",
      "integrity": "sha512-5xoDfX+fL7faATnagmWPpbFtwh/R77WmMMqqHGS65C3vvB0YHrgF+B1YmZ3441tMj5n63k0212XNoJwzlhffQw==",
      "dev": true,
      "hasInstallScript": true,
      "optional": true,
      "os": [
        "darwin"
      ],
      "engines": {
        "node": "^8.16.0 || ^10.6.0 || >=11.0.0"
      }
    },
    "node_modules/function-bind": {
      "version": "1.1.2",
      "resolved": "https://registry.npmjs.org/function-bind/-/function-bind-1.1.2.tgz",
      "integrity": "sha512-7XHNxH7qX9xG5mIwxkhumTox/MIRNcOgDrxWsMt2pAr23WHp6MrRlN7FBSFpCpr+oVO0F744iUgR82nJMfG2SA==",
      "dev": true,
      "funding": {
        "url": "https://github.com/sponsors/ljharb"
      }
    },
    "node_modules/gl-matrix": {
      "version": "3.4.3",
      "resolved": "https://registry.npmjs.org/gl-matrix/-/gl-matrix-3.4.3.tgz",
      "integrity": "sha512-wcCp8vu8FT22BnvKVPjXa/ICBWRq/zjFfdofZy1WSpQZpphblv12/bOQLBC1rMM7SGOFS9ltVmKOHil5+Ml7gA=="
    },
    "node_modules/harmony-3d": {
      "version": "0.0.24",
      "resolved": "git+ssh://git@github.com/baldurstod/harmony-3d.git#c4576e64b90fc486c82c2a67c0afceaf71944d55",
      "dependencies": {
        "@derschmale/io-rgbe": "github:baldurstod/io-rgbe",
        "@zip.js/zip.js": "^2.7.53",
        "gl-matrix": "^3.4.3",
        "harmony-binary-reader": "github:baldurstod/harmony-binary-reader",
        "harmony-browser-utils": "github:baldurstod/harmony-browser-utils",
        "harmony-fbx": "github:baldurstod/harmony-fbx",
        "harmony-svg": "github:baldurstod/harmony-svg",
        "harmony-ui": "github:baldurstod/harmony-ui",
        "harmony-utils": "github:baldurstod/harmony-utils",
        "meshoptimizer": "^0.21.0",
        "murmurhash-es6": "^1.0.0"
      }
    },
    "node_modules/harmony-binary-reader": {
      "version": "0.0.1",
      "resolved": "git+ssh://git@github.com/baldurstod/harmony-binary-reader.git#2d08e8d2825a14ab1a576b24e0872f204b986109"
    },
    "node_modules/harmony-browser-utils": {
      "version": "1.0.0",
      "resolved": "git+ssh://git@github.com/baldurstod/harmony-browser-utils.git#f15cd8583185f041a82e72b5597d5851df5c481e",
      "dependencies": {
        "harmony-svg": "github:baldurstod/harmony-svg",
        "harmony-ui": "github:baldurstod/harmony-ui"
      }
    },
    "node_modules/harmony-fbx": {
      "version": "0.0.1",
      "resolved": "git+ssh://git@github.com/baldurstod/harmony-fbx.git#e08a81a62c0915499da7afecd86a02b0c38377ab",
      "dependencies": {
        "gl-matrix": "^3.4.3",
        "harmony-binary-reader": "github:baldurstod/harmony-binary-reader",
        "pako": "^2.1.0"
      }
    },
    "node_modules/harmony-svg": {
      "version": "0.0.1",
      "resolved": "git+ssh://git@github.com/baldurstod/harmony-svg.git#eb8a90bc51d3a3a00dfd88a0630f5156bed4274e"
    },
    "node_modules/harmony-tf2-utils": {
      "version": "0.0.1",
      "resolved": "git+ssh://git@github.com/baldurstod/harmony-tf2-utils.git#7c71cd164e13d305f5c22c176e760405c65c1bb9"
    },
    "node_modules/harmony-ui": {
      "version": "0.4.4",
      "resolved": "git+ssh://git@github.com/baldurstod/harmony-ui.git#bf42beb2ff5415c24230b577134f38a62fdcf4c2",
      "dependencies": {
        "harmony-svg": "github:baldurstod/harmony-svg"
      }
    },
    "node_modules/harmony-utils": {
      "version": "0.0.1",
      "resolved": "git+ssh://git@github.com/baldurstod/harmony-utils.git#d19f8bbd3ad07aca454c16d9a372a32407abe12b"
    },
    "node_modules/hasown": {
      "version": "2.0.2",
      "resolved": "https://registry.npmjs.org/hasown/-/hasown-2.0.2.tgz",
      "integrity": "sha512-0hJU9SCPvmMzIBdZFqNPXWa6dqh7WdH0cII9y+CyS8rG3nL48Bclra9HmKhVVUHyPWNH5Y7xDwAB7bfgSjkUMQ==",
      "dev": true,
      "dependencies": {
        "function-bind": "^1.1.2"
      },
      "engines": {
        "node": ">= 0.4"
      }
    },
    "node_modules/is-core-module": {
      "version": "2.15.1",
      "resolved": "https://registry.npmjs.org/is-core-module/-/is-core-module-2.15.1.tgz",
      "integrity": "sha512-z0vtXSwucUJtANQWldhbtbt7BnL0vxiFjIdDLAatwhDYty2bad6s+rijD6Ri4YuYJubLzIJLUidCh09e1djEVQ==",
      "dev": true,
      "dependencies": {
        "hasown": "^2.0.2"
      },
      "engines": {
        "node": ">= 0.4"
      },
      "funding": {
        "url": "https://github.com/sponsors/ljharb"
      }
    },
    "node_modules/meshoptimizer": {
      "version": "0.21.0",
      "resolved": "https://registry.npmjs.org/meshoptimizer/-/meshoptimizer-0.21.0.tgz",
      "integrity": "sha512-WabtlpnK/GgD0GMwYd1fBTfYHf4MIcQPEg6dt7y4GuDcY51RzLSkSNE8ZogD7U3Vs2/fIf4z89TOLpA80EOnhg=="
    },
    "node_modules/murmurhash-es6": {
      "version": "1.0.0",
      "resolved": "https://registry.npmjs.org/murmurhash-es6/-/murmurhash-es6-1.0.0.tgz",
      "integrity": "sha512-BMn9tq84ORCJZBmcZ/Fsyk6ZreVI7N/LDWskUE18zFMoDEdq2/+FwnYddBvo5UTF0imrhaX4ERsl2ccHUpw9mw=="
    },
    "node_modules/pako": {
      "version": "2.1.0",
      "resolved": "https://registry.npmjs.org/pako/-/pako-2.1.0.tgz",
      "integrity": "sha512-w+eufiZ1WuJYgPXbV/PO3NCMEc3xqylkKHzp8bxp1uW4qaSNQUkwmLLEc3kKsfz8lpV1F8Ht3U1Cm+9Srog2ug=="
    },
    "node_modules/path-parse": {
      "version": "1.0.7",
      "resolved": "https://registry.npmjs.org/path-parse/-/path-parse-1.0.7.tgz",
      "integrity": "sha512-LDJzPVEEEPR+y48z93A0Ed0yXb8pAByGWo/k5YYdYgpY2/2EsOsksJrq7lOHxryrVOn1ejG6oAp8ahvOIQD8sw==",
      "dev": true
    },
    "node_modules/picomatch": {
      "version": "4.0.2",
      "resolved": "https://registry.npmjs.org/picomatch/-/picomatch-4.0.2.tgz",
      "integrity": "sha512-M7BAV6Rlcy5u+m6oPhAPFgJTzAioX/6B0DxyvDlo9l8+T3nLKbrczg2WLUyzd45L8RqfUMyGPzekbMvX2Ldkwg==",
      "dev": true,
      "engines": {
        "node": ">=12"
      },
      "funding": {
        "url": "https://github.com/sponsors/jonschlinkert"
      }
    },
    "node_modules/resolve": {
      "version": "1.22.8",
      "resolved": "https://registry.npmjs.org/resolve/-/resolve-1.22.8.tgz",
      "integrity": "sha512-oKWePCxqpd6FlLvGV1VU0x7bkPmmCNolxzjMf4NczoDnQcIWrAF+cPtZn5i6n+RfD2d9i0tzpKnG6Yk168yIyw==",
      "dev": true,
      "dependencies": {
        "is-core-module": "^2.13.0",
        "path-parse": "^1.0.7",
        "supports-preserve-symlinks-flag": "^1.0.0"
      },
      "bin": {
        "resolve": "bin/resolve"
      },
      "funding": {
        "url": "https://github.com/sponsors/ljharb"
      }
    },
    "node_modules/rollup": {
      "version": "4.24.2",
      "resolved": "https://registry.npmjs.org/rollup/-/rollup-4.24.2.tgz",
      "integrity": "sha512-do/DFGq5g6rdDhdpPq5qb2ecoczeK6y+2UAjdJ5trjQJj5f1AiVdLRWRc9A9/fFukfvJRgM0UXzxBIYMovm5ww==",
      "dev": true,
      "dependencies": {
        "@types/estree": "1.0.6"
      },
      "bin": {
        "rollup": "dist/bin/rollup"
      },
      "engines": {
        "node": ">=18.0.0",
        "npm": ">=8.0.0"
      },
      "optionalDependencies": {
        "@rollup/rollup-android-arm-eabi": "4.24.2",
        "@rollup/rollup-android-arm64": "4.24.2",
        "@rollup/rollup-darwin-arm64": "4.24.2",
        "@rollup/rollup-darwin-x64": "4.24.2",
        "@rollup/rollup-freebsd-arm64": "4.24.2",
        "@rollup/rollup-freebsd-x64": "4.24.2",
        "@rollup/rollup-linux-arm-gnueabihf": "4.24.2",
        "@rollup/rollup-linux-arm-musleabihf": "4.24.2",
        "@rollup/rollup-linux-arm64-gnu": "4.24.2",
        "@rollup/rollup-linux-arm64-musl": "4.24.2",
        "@rollup/rollup-linux-powerpc64le-gnu": "4.24.2",
        "@rollup/rollup-linux-riscv64-gnu": "4.24.2",
        "@rollup/rollup-linux-s390x-gnu": "4.24.2",
        "@rollup/rollup-linux-x64-gnu": "4.24.2",
        "@rollup/rollup-linux-x64-musl": "4.24.2",
        "@rollup/rollup-win32-arm64-msvc": "4.24.2",
        "@rollup/rollup-win32-ia32-msvc": "4.24.2",
        "@rollup/rollup-win32-x64-msvc": "4.24.2",
        "fsevents": "~2.3.2"
      }
    },
    "node_modules/rollup-plugin-import-css": {
      "version": "3.5.6",
      "resolved": "https://registry.npmjs.org/rollup-plugin-import-css/-/rollup-plugin-import-css-3.5.6.tgz",
      "integrity": "sha512-a+EVWlL8hGRrrAAa5Ds791sIxBxson5DCYeXAwWqYm+ITziUpmiFTR5czS7EEkuw1k7IZj1lGnHnuCVo0tmxzg==",
      "dev": true,
      "dependencies": {
        "@rollup/pluginutils": "^5.0.4"
      },
      "engines": {
        "node": ">=16"
      },
      "peerDependencies": {
        "rollup": "^2.x.x || ^3.x.x || ^4.x.x"
      }
    },
    "node_modules/supports-preserve-symlinks-flag": {
      "version": "1.0.0",
      "resolved": "https://registry.npmjs.org/supports-preserve-symlinks-flag/-/supports-preserve-symlinks-flag-1.0.0.tgz",
      "integrity": "sha512-ot0WnXS9fgdkgIcePe6RHNk1WA8+muPa6cSjeR3V8K27q9BB1rTE3R1p7Hv0z1ZyAc8s6Vvv8DIyWf681MAt0w==",
      "dev": true,
      "engines": {
        "node": ">= 0.4"
      },
      "funding": {
        "url": "https://github.com/sponsors/ljharb"
      }
    },
    "node_modules/tslib": {
      "version": "2.8.0",
      "resolved": "https://registry.npmjs.org/tslib/-/tslib-2.8.0.tgz",
      "integrity": "sha512-jWVzBLplnCmoaTr13V9dYbiQ99wvZRd0vNWaDRg+aVYRcjDF3nDksxFDE/+fkXnKhpnUUkmx5pK/v8mCtLVqZA==",
      "dev": true
    },
    "node_modules/typescript": {
      "version": "5.6.3",
      "resolved": "https://registry.npmjs.org/typescript/-/typescript-5.6.3.tgz",
      "integrity": "sha512-hjcS1mhfuyi4WW8IWtjP7brDrG2cuDZukyrYrSauoXGNgx0S7zceP07adYkJycEr56BOUTNPzbInooiN3fn1qw==",
      "dev": true,
      "bin": {
        "tsc": "bin/tsc",
        "tsserver": "bin/tsserver"
      },
      "engines": {
        "node": ">=14.17"
      }
    }
  }
}
