{
  "name": "harmony-3d-utils",
  "version": "0.0.1",
  "lockfileVersion": 3,
  "requires": true,
  "packages": {
    "": {
      "name": "harmony-3d-utils",
      "version": "0.0.1",
      "dependencies": {
        "gl-matrix": "^3.4.3",
        "harmony-3d": "github:baldurstod/harmony-3d"
      },
      "devDependencies": {
        "typescript": "^5.6.3"
      }
    },
    "node_modules/@derschmale/io-rgbe": {
      "version": "0.1.1",
      "resolved": "git+ssh://git@github.com/baldurstod/io-rgbe.git#bc6f21b62c50ddf698a457327e2397af95b9d862",
      "license": "MIT"
    },
    "node_modules/gl-matrix": {
      "version": "3.4.3",
      "resolved": "https://registry.npmjs.org/gl-matrix/-/gl-matrix-3.4.3.tgz",
      "integrity": "sha512-wcCp8vu8FT22BnvKVPjXa/ICBWRq/zjFfdofZy1WSpQZpphblv12/bOQLBC1rMM7SGOFS9ltVmKOHil5+Ml7gA=="
    },
    "node_modules/harmony-3d": {
      "version": "0.0.1",
      "resolved": "git+ssh://git@github.com/baldurstod/harmony-3d.git#f9d012dea7133a48811a676583fa99227df2407f",
      "dependencies": {
        "@derschmale/io-rgbe": "github:baldurstod/io-rgbe",
        "gl-matrix": "^3.4.3",
        "harmony-binary-reader": "github:baldurstod/harmony-binary-reader",
        "harmony-browser-utils": "github:baldurstod/harmony-browser-utils",
        "harmony-fbx": "github:baldurstod/harmony-fbx",
        "harmony-svg": "github:baldurstod/harmony-svg",
        "harmony-ui": "github:baldurstod/harmony-ui",
        "harmony-utils": "github:baldurstod/harmony-utils",
        "meshoptimizer": "^0.21.0",
        "murmurhash-es6": "^1.0.0"
      }
    },
    "node_modules/harmony-binary-reader": {
      "version": "0.0.1",
      "resolved": "git+ssh://git@github.com/baldurstod/harmony-binary-reader.git#2d08e8d2825a14ab1a576b24e0872f204b986109"
    },
    "node_modules/harmony-browser-utils": {
      "version": "1.0.0",
      "resolved": "git+ssh://git@github.com/baldurstod/harmony-browser-utils.git#f15cd8583185f041a82e72b5597d5851df5c481e",
      "dependencies": {
        "harmony-svg": "github:baldurstod/harmony-svg",
        "harmony-ui": "github:baldurstod/harmony-ui"
      }
    },
    "node_modules/harmony-fbx": {
      "version": "0.0.1",
      "resolved": "git+ssh://git@github.com/baldurstod/harmony-fbx.git#e08a81a62c0915499da7afecd86a02b0c38377ab",
      "dependencies": {
        "gl-matrix": "^3.4.3",
        "harmony-binary-reader": "github:baldurstod/harmony-binary-reader",
        "pako": "^2.1.0"
      }
    },
    "node_modules/harmony-svg": {
      "version": "0.0.1",
      "resolved": "git+ssh://git@github.com/baldurstod/harmony-svg.git#eb8a90bc51d3a3a00dfd88a0630f5156bed4274e"
    },
    "node_modules/harmony-ui": {
      "version": "1.0.0",
      "resolved": "git+ssh://git@github.com/baldurstod/harmony-ui.git#bd07c214fd882121978cb1d25c901c0c0d8a5d27",
      "dependencies": {
        "harmony-svg": "github:baldurstod/harmony-svg"
      }
    },
    "node_modules/harmony-utils": {
      "version": "0.0.1",
      "resolved": "git+ssh://git@github.com/baldurstod/harmony-utils.git#d19f8bbd3ad07aca454c16d9a372a32407abe12b"
    },
    "node_modules/meshoptimizer": {
      "version": "0.21.0",
      "resolved": "https://registry.npmjs.org/meshoptimizer/-/meshoptimizer-0.21.0.tgz",
      "integrity": "sha512-WabtlpnK/GgD0GMwYd1fBTfYHf4MIcQPEg6dt7y4GuDcY51RzLSkSNE8ZogD7U3Vs2/fIf4z89TOLpA80EOnhg=="
    },
    "node_modules/murmurhash-es6": {
      "version": "1.0.0",
      "resolved": "https://registry.npmjs.org/murmurhash-es6/-/murmurhash-es6-1.0.0.tgz",
      "integrity": "sha512-BMn9tq84ORCJZBmcZ/Fsyk6ZreVI7N/LDWskUE18zFMoDEdq2/+FwnYddBvo5UTF0imrhaX4ERsl2ccHUpw9mw=="
    },
    "node_modules/pako": {
      "version": "2.1.0",
      "resolved": "https://registry.npmjs.org/pako/-/pako-2.1.0.tgz",
      "integrity": "sha512-w+eufiZ1WuJYgPXbV/PO3NCMEc3xqylkKHzp8bxp1uW4qaSNQUkwmLLEc3kKsfz8lpV1F8Ht3U1Cm+9Srog2ug=="
    },
    "node_modules/typescript": {
      "version": "5.6.3",
      "resolved": "https://registry.npmjs.org/typescript/-/typescript-5.6.3.tgz",
      "integrity": "sha512-hjcS1mhfuyi4WW8IWtjP7brDrG2cuDZukyrYrSauoXGNgx0S7zceP07adYkJycEr56BOUTNPzbInooiN3fn1qw==",
      "dev": true,
      "bin": {
        "tsc": "bin/tsc",
        "tsserver": "bin/tsserver"
      },
      "engines": {
        "node": ">=14.17"
      }
    }
  }
}
